
Microsoft Visual Studio Solution File, Format Version 12.00
# Visual Studio Version 16
VisualStudioVersion = 16.0.31025.194
MinimumVisualStudioVersion = 10.0.40219.1
Project("{FAE04EC0-301F-11D3-BF4B-00C04F79EFBC}") = "Toci.Rescue", "Toci.Rescue\Toci.Rescue.csproj", "{6EAA7BB9-6943-4045-98C7-F731A3F7224C}"
EndProject
Project("{FAE04EC0-301F-11D3-BF4B-00C04F79EFBC}") = "Toci.Rescue.Tests", "Toci.Rescue.Tests\Toci.Rescue.Tests.csproj", "{893783B5-36C0-43FC-AA48-D9338FB82D64}"
EndProject
Project("{FAE04EC0-301F-11D3-BF4B-00C04F79EFBC}") = "Toci.Rescue.Integrator.Interfaces", "Toci.Rescue.Integrator.Interfaces\Toci.Rescue.Integrator.Interfaces.csproj", "{3DB4BFF3-F114-4AE9-B334-99B02C3F8B0D}"
EndProject
Global
	GlobalSection(SolutionConfigurationPlatforms) = preSolution
		Debug|Any CPU = Debug|Any CPU
		Release|Any CPU = Release|Any CPU
	EndGlobalSection
	GlobalSection(ProjectConfigurationPlatforms) = postSolution
		{6EAA7BB9-6943-4045-98C7-F731A3F7224C}.Debug|Any CPU.ActiveCfg = Debug|Any CPU
		{6EAA7BB9-6943-4045-98C7-F731A3F7224C}.Debug|Any CPU.Build.0 = Debug|Any CPU
		{6EAA7BB9-6943-4045-98C7-F731A3F7224C}.Release|Any CPU.ActiveCfg = Release|Any CPU
		{6EAA7BB9-6943-4045-98C7-F731A3F7224C}.Release|Any CPU.Build.0 = Release|Any CPU
		{893783B5-36C0-43FC-AA48-D9338FB82D64}.Debug|Any CPU.ActiveCfg = Debug|Any CPU
		{893783B5-36C0-43FC-AA48-D9338FB82D64}.Debug|Any CPU.Build.0 = Debug|Any CPU
		{893783B5-36C0-43FC-AA48-D9338FB82D64}.Release|Any CPU.ActiveCfg = Release|Any CPU
		{893783B5-36C0-43FC-AA48-D9338FB82D64}.Release|Any CPU.Build.0 = Release|Any CPU
		{3DB4BFF3-F114-4AE9-B334-99B02C3F8B0D}.Debug|Any CPU.ActiveCfg = Debug|Any CPU
		{3DB4BFF3-F114-4AE9-B334-99B02C3F8B0D}.Debug|Any CPU.Build.0 = Debug|Any CPU
		{3DB4BFF3-F114-4AE9-B334-99B02C3F8B0D}.Release|Any CPU.ActiveCfg = Release|Any CPU
		{3DB4BFF3-F114-4AE9-B334-99B02C3F8B0D}.Release|Any CPU.Build.0 = Release|Any CPU
	EndGlobalSection
	GlobalSection(SolutionProperties) = preSolution
		HideSolutionNode = FALSE
	EndGlobalSection
	GlobalSection(ExtensibilityGlobals) = postSolution
		SolutionGuid = {B20A81F6-BE21-4091-A2E1-1BB4675A3151}
	EndGlobalSection
EndGlobal
